// !$*UTF8*$!
{
	archiveVersion = 1;
	classes = {
	};
	objectVersion = 48;
	objects = {

/* Begin PBXBuildFile section */
		847B1CB81FC2741D00BC6882 /* CoinView.swift in Sources */ = {isa = PBXBuildFile; fileRef = 847B1CB71FC2741D00BC6882 /* CoinView.swift */; };
		847B1CBA1FC2B36300BC6882 /* CharacterImageView.swift in Sources */ = {isa = PBXBuildFile; fileRef = 847B1CB91FC2B36300BC6882 /* CharacterImageView.swift */; };
		847B1CBC1FC2B87000BC6882 /* Characters.json in Resources */ = {isa = PBXBuildFile; fileRef = 847B1CBB1FC2B87000BC6882 /* Characters.json */; };
		847B1CBE1FC2B99500BC6882 /* Character.swift in Sources */ = {isa = PBXBuildFile; fileRef = 847B1CBD1FC2B99500BC6882 /* Character.swift */; };
		847B1CC01FC2BAA300BC6882 /* PoolOfPossibleCharacters.swift in Sources */ = {isa = PBXBuildFile; fileRef = 847B1CBF1FC2BAA300BC6882 /* PoolOfPossibleCharacters.swift */; };
		847B1CD51FC4287900BC6882 /* CharacterSkinsViewController.swift in Sources */ = {isa = PBXBuildFile; fileRef = 847B1CD41FC4287900BC6882 /* CharacterSkinsViewController.swift */; };
		847B1CD71FC42B7F00BC6882 /* CharacterSkinCell.swift in Sources */ = {isa = PBXBuildFile; fileRef = 847B1CD61FC42B7F00BC6882 /* CharacterSkinCell.swift */; };
		847B1CD91FC50C4B00BC6882 /* ArrowButton.swift in Sources */ = {isa = PBXBuildFile; fileRef = 847B1CD81FC50C4B00BC6882 /* ArrowButton.swift */; };
		847B1CDB1FC50E5C00BC6882 /* ArrowPadView.swift in Sources */ = {isa = PBXBuildFile; fileRef = 847B1CDA1FC50E5C00BC6882 /* ArrowPadView.swift */; };
		84B2AFC71FC54F2800EE0A3A /* AlertView.swift in Sources */ = {isa = PBXBuildFile; fileRef = 84B2AFC61FC54F2800EE0A3A /* AlertView.swift */; };
		84B2AFC91FC558AF00EE0A3A /* CongratsPurchaseView.swift in Sources */ = {isa = PBXBuildFile; fileRef = 84B2AFC81FC558AF00EE0A3A /* CongratsPurchaseView.swift */; };
		8B1C82AD1FB62E6300A0D100 /* Constants.swift in Sources */ = {isa = PBXBuildFile; fileRef = 8B1C82AC1FB62E6300A0D100 /* Constants.swift */; };
		8B1DA6B21FA3D76100C10ABE /* TestingConstants.swift in Sources */ = {isa = PBXBuildFile; fileRef = 8B1DA6B11FA3D76100C10ABE /* TestingConstants.swift */; };
		8B35EBE61FA29E87000F8FD4 /* NextPuzzle.swift in Sources */ = {isa = PBXBuildFile; fileRef = 8B35EBE51FA29E87000F8FD4 /* NextPuzzle.swift */; };
		8B35EBE81FA2A7CD000F8FD4 /* LocallyStoredPuzzles.json in Resources */ = {isa = PBXBuildFile; fileRef = 8B35EBE71FA2A7CD000F8FD4 /* LocallyStoredPuzzles.json */; };
		8B35EBEA1FA2A9A2000F8FD4 /* PoolOfPossiblePuzzles.swift in Sources */ = {isa = PBXBuildFile; fileRef = 8B35EBE91FA2A9A2000F8FD4 /* PoolOfPossiblePuzzles.swift */; };
		8B61DD961F97F6FD00E791FA /* AppDelegate.swift in Sources */ = {isa = PBXBuildFile; fileRef = 8B61DD951F97F6FD00E791FA /* AppDelegate.swift */; };
		8B61DD981F97F6FD00E791FA /* PuzzleViewController.swift in Sources */ = {isa = PBXBuildFile; fileRef = 8B61DD971F97F6FD00E791FA /* PuzzleViewController.swift */; };
		8B61DD9E1F97F6FD00E791FA /* DodgeIt.xcdatamodeld in Sources */ = {isa = PBXBuildFile; fileRef = 8B61DD9C1F97F6FD00E791FA /* DodgeIt.xcdatamodeld */; };
		8B61DDA01F97F6FD00E791FA /* Assets.xcassets in Resources */ = {isa = PBXBuildFile; fileRef = 8B61DD9F1F97F6FD00E791FA /* Assets.xcassets */; };
		8B61DDA31F97F6FD00E791FA /* LaunchScreen.storyboard in Resources */ = {isa = PBXBuildFile; fileRef = 8B61DDA11F97F6FD00E791FA /* LaunchScreen.storyboard */; };
		8B61DDAB1F97F8D100E791FA /* PuzzleView.swift in Sources */ = {isa = PBXBuildFile; fileRef = 8B61DDAA1F97F8D100E791FA /* PuzzleView.swift */; };
		8B61DDAD1F97FDFC00E791FA /* GridContainerView.swift in Sources */ = {isa = PBXBuildFile; fileRef = 8B61DDAC1F97FDFC00E791FA /* GridContainerView.swift */; };
		8B61DDAF1F97FE6400E791FA /* SquareView.swift in Sources */ = {isa = PBXBuildFile; fileRef = 8B61DDAE1F97FE6400E791FA /* SquareView.swift */; };
		8B61DDB11F98017800E791FA /* Puzzle.swift in Sources */ = {isa = PBXBuildFile; fileRef = 8B61DDB01F98017800E791FA /* Puzzle.swift */; };
		8B61DDB71F98089C00E791FA /* Extensions.swift in Sources */ = {isa = PBXBuildFile; fileRef = 8B61DDB61F98089C00E791FA /* Extensions.swift */; };
		8B61DDBF1F9814BA00E791FA /* StringExtensionTests.swift in Sources */ = {isa = PBXBuildFile; fileRef = 8B61DDBE1F9814BA00E791FA /* StringExtensionTests.swift */; };
		8B61DDC71F98155C00E791FA /* Extensions.swift in Sources */ = {isa = PBXBuildFile; fileRef = 8B61DDB61F98089C00E791FA /* Extensions.swift */; };
		8B61DDC91F992B0B00E791FA /* SquareData.swift in Sources */ = {isa = PBXBuildFile; fileRef = 8B61DDC81F992B0B00E791FA /* SquareData.swift */; };
		8B61DDCD1F9FC10B00E791FA /* PlayerView.swift in Sources */ = {isa = PBXBuildFile; fileRef = 8B61DDCC1F9FC10A00E791FA /* PlayerView.swift */; };
		8B6B06361FBBC0E900C98851 /* StoreKit.framework in Frameworks */ = {isa = PBXBuildFile; fileRef = 8B6B06351FBBC0E900C98851 /* StoreKit.framework */; };
		8B6B06381FBCC7E300C98851 /* MapTheme.swift in Sources */ = {isa = PBXBuildFile; fileRef = 8B6B06371FBCC7E300C98851 /* MapTheme.swift */; };
		8B853C9F1FBA5D1C003F92F7 /* MenuButton.swift in Sources */ = {isa = PBXBuildFile; fileRef = 8B853C9E1FBA5D1C003F92F7 /* MenuButton.swift */; };
		8BB3F3781FBCD1700051F779 /* LocallyStoredMapThemes.json in Resources */ = {isa = PBXBuildFile; fileRef = 8BB3F3771FBCD1700051F779 /* LocallyStoredMapThemes.json */; };
		8BB3F37A1FBD10550051F779 /* IAPHelper.swift in Sources */ = {isa = PBXBuildFile; fileRef = 8BB3F3791FBD10550051F779 /* IAPHelper.swift */; };
		8BB3F37C1FBE443D0051F779 /* LocallyStoredBeginnersPuzzles.json in Resources */ = {isa = PBXBuildFile; fileRef = 8BB3F37B1FBE443D0051F779 /* LocallyStoredBeginnersPuzzles.json */; };
		8BB3F37E1FC3700F0051F779 /* PlayerDefaults.swift in Sources */ = {isa = PBXBuildFile; fileRef = 8BB3F37D1FC3700F0051F779 /* PlayerDefaults.swift */; };
		8BD323CA1FB6333C00BE9720 /* GoogleAdService.swift in Sources */ = {isa = PBXBuildFile; fileRef = 8BD323C91FB6333C00BE9720 /* GoogleAdService.swift */; };
		8BF18F8C1FA3FB6B00FC1FF4 /* Player.swift in Sources */ = {isa = PBXBuildFile; fileRef = 8BF18F8B1FA3FB6B00FC1FF4 /* Player.swift */; };
		8BF18F8E1FA7D1E600FC1FF4 /* MenuViewController.swift in Sources */ = {isa = PBXBuildFile; fileRef = 8BF18F8D1FA7D1E600FC1FF4 /* MenuViewController.swift */; };
		A3878F9E0C6EE95E203B7930 /* Pods_DodgeIt.framework in Frameworks */ = {isa = PBXBuildFile; fileRef = 3848B730DEFDC43D28AE5E5C /* Pods_DodgeIt.framework */; };
		A7D66B768C4B8CE89C15591F /* Pods_DodgeItTests.framework in Frameworks */ = {isa = PBXBuildFile; fileRef = 7B51C812B6149F79B2317BB5 /* Pods_DodgeItTests.framework */; };
/* End PBXBuildFile section */

/* Begin PBXContainerItemProxy section */
		8B61DDC11F9814BA00E791FA /* PBXContainerItemProxy */ = {
			isa = PBXContainerItemProxy;
			containerPortal = 8B61DD8A1F97F6FD00E791FA /* Project object */;
			proxyType = 1;
			remoteGlobalIDString = 8B61DD911F97F6FD00E791FA;
			remoteInfo = DodgeIt;
		};
/* End PBXContainerItemProxy section */

/* Begin PBXFileReference section */
		3848B730DEFDC43D28AE5E5C /* Pods_DodgeIt.framework */ = {isa = PBXFileReference; explicitFileType = wrapper.framework; includeInIndex = 0; path = Pods_DodgeIt.framework; sourceTree = BUILT_PRODUCTS_DIR; };
		481D1F6885C6FB53388171F4 /* Pods-DodgeItTests.release.xcconfig */ = {isa = PBXFileReference; includeInIndex = 1; lastKnownFileType = text.xcconfig; name = "Pods-DodgeItTests.release.xcconfig"; path = "Pods/Target Support Files/Pods-DodgeItTests/Pods-DodgeItTests.release.xcconfig"; sourceTree = "<group>"; };
		5D098B9F8D8DB05EE71C33B7 /* Pods-DodgeIt.debug.xcconfig */ = {isa = PBXFileReference; includeInIndex = 1; lastKnownFileType = text.xcconfig; name = "Pods-DodgeIt.debug.xcconfig"; path = "Pods/Target Support Files/Pods-DodgeIt/Pods-DodgeIt.debug.xcconfig"; sourceTree = "<group>"; };
		7B51C812B6149F79B2317BB5 /* Pods_DodgeItTests.framework */ = {isa = PBXFileReference; explicitFileType = wrapper.framework; includeInIndex = 0; path = Pods_DodgeItTests.framework; sourceTree = BUILT_PRODUCTS_DIR; };
		843ECF144AE34495F489110D /* Pods-DodgeIt.release.xcconfig */ = {isa = PBXFileReference; includeInIndex = 1; lastKnownFileType = text.xcconfig; name = "Pods-DodgeIt.release.xcconfig"; path = "Pods/Target Support Files/Pods-DodgeIt/Pods-DodgeIt.release.xcconfig"; sourceTree = "<group>"; };
		847B1CB71FC2741D00BC6882 /* CoinView.swift */ = {isa = PBXFileReference; lastKnownFileType = sourcecode.swift; path = CoinView.swift; sourceTree = "<group>"; };
		847B1CB91FC2B36300BC6882 /* CharacterImageView.swift */ = {isa = PBXFileReference; lastKnownFileType = sourcecode.swift; path = CharacterImageView.swift; sourceTree = "<group>"; };
		847B1CBB1FC2B87000BC6882 /* Characters.json */ = {isa = PBXFileReference; lastKnownFileType = text.json; path = Characters.json; sourceTree = "<group>"; };
		847B1CBD1FC2B99500BC6882 /* Character.swift */ = {isa = PBXFileReference; lastKnownFileType = sourcecode.swift; path = Character.swift; sourceTree = "<group>"; };
		847B1CBF1FC2BAA300BC6882 /* PoolOfPossibleCharacters.swift */ = {isa = PBXFileReference; lastKnownFileType = sourcecode.swift; path = PoolOfPossibleCharacters.swift; sourceTree = "<group>"; };
		847B1CD41FC4287900BC6882 /* CharacterSkinsViewController.swift */ = {isa = PBXFileReference; lastKnownFileType = sourcecode.swift; path = CharacterSkinsViewController.swift; sourceTree = "<group>"; };
		847B1CD61FC42B7F00BC6882 /* CharacterSkinCell.swift */ = {isa = PBXFileReference; lastKnownFileType = sourcecode.swift; path = CharacterSkinCell.swift; sourceTree = "<group>"; };
		847B1CD81FC50C4B00BC6882 /* ArrowButton.swift */ = {isa = PBXFileReference; lastKnownFileType = sourcecode.swift; path = ArrowButton.swift; sourceTree = "<group>"; };
		847B1CDA1FC50E5C00BC6882 /* ArrowPadView.swift */ = {isa = PBXFileReference; lastKnownFileType = sourcecode.swift; path = ArrowPadView.swift; sourceTree = "<group>"; };
		84B2AFC61FC54F2800EE0A3A /* AlertView.swift */ = {isa = PBXFileReference; lastKnownFileType = sourcecode.swift; path = AlertView.swift; sourceTree = "<group>"; };
		84B2AFC81FC558AF00EE0A3A /* CongratsPurchaseView.swift */ = {isa = PBXFileReference; lastKnownFileType = sourcecode.swift; path = CongratsPurchaseView.swift; sourceTree = "<group>"; };
		8B1C82AC1FB62E6300A0D100 /* Constants.swift */ = {isa = PBXFileReference; lastKnownFileType = sourcecode.swift; path = Constants.swift; sourceTree = "<group>"; };
		8B1DA6B11FA3D76100C10ABE /* TestingConstants.swift */ = {isa = PBXFileReference; lastKnownFileType = sourcecode.swift; path = TestingConstants.swift; sourceTree = "<group>"; };
		8B35EBE51FA29E87000F8FD4 /* NextPuzzle.swift */ = {isa = PBXFileReference; lastKnownFileType = sourcecode.swift; path = NextPuzzle.swift; sourceTree = "<group>"; };
		8B35EBE71FA2A7CD000F8FD4 /* LocallyStoredPuzzles.json */ = {isa = PBXFileReference; lastKnownFileType = text.json; path = LocallyStoredPuzzles.json; sourceTree = "<group>"; };
		8B35EBE91FA2A9A2000F8FD4 /* PoolOfPossiblePuzzles.swift */ = {isa = PBXFileReference; lastKnownFileType = sourcecode.swift; path = PoolOfPossiblePuzzles.swift; sourceTree = "<group>"; };
		8B61DD921F97F6FD00E791FA /* DodgeIt.app */ = {isa = PBXFileReference; explicitFileType = wrapper.application; includeInIndex = 0; path = DodgeIt.app; sourceTree = BUILT_PRODUCTS_DIR; };
		8B61DD951F97F6FD00E791FA /* AppDelegate.swift */ = {isa = PBXFileReference; lastKnownFileType = sourcecode.swift; path = AppDelegate.swift; sourceTree = "<group>"; };
		8B61DD971F97F6FD00E791FA /* PuzzleViewController.swift */ = {isa = PBXFileReference; lastKnownFileType = sourcecode.swift; path = PuzzleViewController.swift; sourceTree = "<group>"; };
		8B61DD9D1F97F6FD00E791FA /* DodgeIt.xcdatamodel */ = {isa = PBXFileReference; lastKnownFileType = wrapper.xcdatamodel; path = DodgeIt.xcdatamodel; sourceTree = "<group>"; };
		8B61DD9F1F97F6FD00E791FA /* Assets.xcassets */ = {isa = PBXFileReference; lastKnownFileType = folder.assetcatalog; path = Assets.xcassets; sourceTree = "<group>"; };
		8B61DDA21F97F6FD00E791FA /* Base */ = {isa = PBXFileReference; lastKnownFileType = file.storyboard; name = Base; path = Base.lproj/LaunchScreen.storyboard; sourceTree = "<group>"; };
		8B61DDA41F97F6FD00E791FA /* Info.plist */ = {isa = PBXFileReference; lastKnownFileType = text.plist.xml; path = Info.plist; sourceTree = "<group>"; };
		8B61DDAA1F97F8D100E791FA /* PuzzleView.swift */ = {isa = PBXFileReference; lastKnownFileType = sourcecode.swift; path = PuzzleView.swift; sourceTree = "<group>"; };
		8B61DDAC1F97FDFC00E791FA /* GridContainerView.swift */ = {isa = PBXFileReference; lastKnownFileType = sourcecode.swift; path = GridContainerView.swift; sourceTree = "<group>"; };
		8B61DDAE1F97FE6400E791FA /* SquareView.swift */ = {isa = PBXFileReference; lastKnownFileType = sourcecode.swift; path = SquareView.swift; sourceTree = "<group>"; };
		8B61DDB01F98017800E791FA /* Puzzle.swift */ = {isa = PBXFileReference; lastKnownFileType = sourcecode.swift; path = Puzzle.swift; sourceTree = "<group>"; };
		8B61DDB61F98089C00E791FA /* Extensions.swift */ = {isa = PBXFileReference; lastKnownFileType = sourcecode.swift; path = Extensions.swift; sourceTree = "<group>"; };
		8B61DDBC1F9814BA00E791FA /* DodgeItTests.xctest */ = {isa = PBXFileReference; explicitFileType = wrapper.cfbundle; includeInIndex = 0; path = DodgeItTests.xctest; sourceTree = BUILT_PRODUCTS_DIR; };
		8B61DDBE1F9814BA00E791FA /* StringExtensionTests.swift */ = {isa = PBXFileReference; lastKnownFileType = sourcecode.swift; path = StringExtensionTests.swift; sourceTree = "<group>"; };
		8B61DDC01F9814BA00E791FA /* Info.plist */ = {isa = PBXFileReference; lastKnownFileType = text.plist.xml; path = Info.plist; sourceTree = "<group>"; };
		8B61DDC81F992B0B00E791FA /* SquareData.swift */ = {isa = PBXFileReference; lastKnownFileType = sourcecode.swift; path = SquareData.swift; sourceTree = "<group>"; };
		8B61DDCC1F9FC10A00E791FA /* PlayerView.swift */ = {isa = PBXFileReference; lastKnownFileType = sourcecode.swift; path = PlayerView.swift; sourceTree = "<group>"; };
		8B6B06351FBBC0E900C98851 /* StoreKit.framework */ = {isa = PBXFileReference; lastKnownFileType = wrapper.framework; name = StoreKit.framework; path = System/Library/Frameworks/StoreKit.framework; sourceTree = SDKROOT; };
		8B6B06371FBCC7E300C98851 /* MapTheme.swift */ = {isa = PBXFileReference; lastKnownFileType = sourcecode.swift; path = MapTheme.swift; sourceTree = "<group>"; };
		8B853C9E1FBA5D1C003F92F7 /* MenuButton.swift */ = {isa = PBXFileReference; lastKnownFileType = sourcecode.swift; path = MenuButton.swift; sourceTree = "<group>"; };
		8BB3F3771FBCD1700051F779 /* LocallyStoredMapThemes.json */ = {isa = PBXFileReference; lastKnownFileType = text.json; path = LocallyStoredMapThemes.json; sourceTree = "<group>"; };
		8BB3F3791FBD10550051F779 /* IAPHelper.swift */ = {isa = PBXFileReference; lastKnownFileType = sourcecode.swift; path = IAPHelper.swift; sourceTree = "<group>"; };
		8BB3F37B1FBE443D0051F779 /* LocallyStoredBeginnersPuzzles.json */ = {isa = PBXFileReference; lastKnownFileType = text.json; path = LocallyStoredBeginnersPuzzles.json; sourceTree = "<group>"; };
		8BB3F37D1FC3700F0051F779 /* PlayerDefaults.swift */ = {isa = PBXFileReference; lastKnownFileType = sourcecode.swift; path = PlayerDefaults.swift; sourceTree = "<group>"; };
		8BD323C91FB6333C00BE9720 /* GoogleAdService.swift */ = {isa = PBXFileReference; lastKnownFileType = sourcecode.swift; path = GoogleAdService.swift; sourceTree = "<group>"; };
		8BF18F8B1FA3FB6B00FC1FF4 /* Player.swift */ = {isa = PBXFileReference; lastKnownFileType = sourcecode.swift; path = Player.swift; sourceTree = "<group>"; };
		8BF18F8D1FA7D1E600FC1FF4 /* MenuViewController.swift */ = {isa = PBXFileReference; lastKnownFileType = sourcecode.swift; path = MenuViewController.swift; sourceTree = "<group>"; };
		E1F8F5F4E45D2847629B749F /* Pods-DodgeItTests.debug.xcconfig */ = {isa = PBXFileReference; includeInIndex = 1; lastKnownFileType = text.xcconfig; name = "Pods-DodgeItTests.debug.xcconfig"; path = "Pods/Target Support Files/Pods-DodgeItTests/Pods-DodgeItTests.debug.xcconfig"; sourceTree = "<group>"; };
/* End PBXFileReference section */

/* Begin PBXFrameworksBuildPhase section */
		8B61DD8F1F97F6FD00E791FA /* Frameworks */ = {
			isa = PBXFrameworksBuildPhase;
			buildActionMask = 2147483647;
			files = (
				A3878F9E0C6EE95E203B7930 /* Pods_DodgeIt.framework in Frameworks */,
				8B6B06361FBBC0E900C98851 /* StoreKit.framework in Frameworks */,
			);
			runOnlyForDeploymentPostprocessing = 0;
		};
		8B61DDB91F9814BA00E791FA /* Frameworks */ = {
			isa = PBXFrameworksBuildPhase;
			buildActionMask = 2147483647;
			files = (
				A7D66B768C4B8CE89C15591F /* Pods_DodgeItTests.framework in Frameworks */,
			);
			runOnlyForDeploymentPostprocessing = 0;
		};
/* End PBXFrameworksBuildPhase section */

/* Begin PBXGroup section */
		3851EC0CA96E6A55CD3AB7D6 /* Pods */ = {
			isa = PBXGroup;
			children = (
				5D098B9F8D8DB05EE71C33B7 /* Pods-DodgeIt.debug.xcconfig */,
				843ECF144AE34495F489110D /* Pods-DodgeIt.release.xcconfig */,
				E1F8F5F4E45D2847629B749F /* Pods-DodgeItTests.debug.xcconfig */,
				481D1F6885C6FB53388171F4 /* Pods-DodgeItTests.release.xcconfig */,
			);
			name = Pods;
			sourceTree = "<group>";
		};
		82DD189D9F975BC798D0739D /* Frameworks */ = {
			isa = PBXGroup;
			children = (
				8B6B06351FBBC0E900C98851 /* StoreKit.framework */,
				3848B730DEFDC43D28AE5E5C /* Pods_DodgeIt.framework */,
				7B51C812B6149F79B2317BB5 /* Pods_DodgeItTests.framework */,
			);
			name = Frameworks;
			sourceTree = "<group>";
		};
		847B1CDC1FC50E7200BC6882 /* ArrowPad */ = {
			isa = PBXGroup;
			children = (
				847B1CD81FC50C4B00BC6882 /* ArrowButton.swift */,
				847B1CDA1FC50E5C00BC6882 /* ArrowPadView.swift */,
			);
			path = ArrowPad;
			sourceTree = "<group>";
		};
		847B1CDD1FC50E8C00BC6882 /* MainPuzzleView */ = {
			isa = PBXGroup;
			children = (
				8B61DDAA1F97F8D100E791FA /* PuzzleView.swift */,
				8B61DDAC1F97FDFC00E791FA /* GridContainerView.swift */,
				8B61DDAE1F97FE6400E791FA /* SquareView.swift */,
			);
			path = MainPuzzleView;
			sourceTree = "<group>";
		};
		847B1CDE1FC50EC900BC6882 /* Character */ = {
			isa = PBXGroup;
			children = (
				8B61DDCC1F9FC10A00E791FA /* PlayerView.swift */,
				847B1CB91FC2B36300BC6882 /* CharacterImageView.swift */,
				847B1CD61FC42B7F00BC6882 /* CharacterSkinCell.swift */,
			);
			name = Character;
			path = ../..;
			sourceTree = "<group>";
		};
		847B1CDF1FC50EE100BC6882 /* IndividualViews */ = {
			isa = PBXGroup;
			children = (
				8B853C9E1FBA5D1C003F92F7 /* MenuButton.swift */,
				847B1CB71FC2741D00BC6882 /* CoinView.swift */,
			);
			path = IndividualViews;
			sourceTree = "<group>";
		};
		8B61DD891F97F6FD00E791FA = {
			isa = PBXGroup;
			children = (
				8B61DD941F97F6FD00E791FA /* DodgeIt */,
				8B61DDBD1F9814BA00E791FA /* DodgeItTests */,
				8B61DD931F97F6FD00E791FA /* Products */,
				3851EC0CA96E6A55CD3AB7D6 /* Pods */,
				82DD189D9F975BC798D0739D /* Frameworks */,
			);
			sourceTree = "<group>";
		};
		8B61DD931F97F6FD00E791FA /* Products */ = {
			isa = PBXGroup;
			children = (
				8B61DD921F97F6FD00E791FA /* DodgeIt.app */,
				8B61DDBC1F9814BA00E791FA /* DodgeItTests.xctest */,
			);
			name = Products;
			sourceTree = "<group>";
		};
		8B61DD941F97F6FD00E791FA /* DodgeIt */ = {
			isa = PBXGroup;
			children = (
				8B61DD951F97F6FD00E791FA /* AppDelegate.swift */,
				8BD323C91FB6333C00BE9720 /* GoogleAdService.swift */,
				8B1C82AC1FB62E6300A0D100 /* Constants.swift */,
				8BB3F3791FBD10550051F779 /* IAPHelper.swift */,
				8BB3F37D1FC3700F0051F779 /* PlayerDefaults.swift */,
				8B61DDB51F98086B00E791FA /* Extensions */,
				8B61DDB41F9806DF00E791FA /* Controller */,
				8B61DDB31F9806CE00E791FA /* Model */,
				8B61DDB21F9806B300E791FA /* Views */,
				8B35EBE71FA2A7CD000F8FD4 /* LocallyStoredPuzzles.json */,
				847B1CBB1FC2B87000BC6882 /* Characters.json */,
				8BB3F37B1FBE443D0051F779 /* LocallyStoredBeginnersPuzzles.json */,
				8BB3F3771FBCD1700051F779 /* LocallyStoredMapThemes.json */,
				8B1DA6B11FA3D76100C10ABE /* TestingConstants.swift */,
				8B61DD9F1F97F6FD00E791FA /* Assets.xcassets */,
				8B61DDA11F97F6FD00E791FA /* LaunchScreen.storyboard */,
				8B61DDA41F97F6FD00E791FA /* Info.plist */,
				8B61DD9C1F97F6FD00E791FA /* DodgeIt.xcdatamodeld */,
			);
			path = DodgeIt;
			sourceTree = "<group>";
		};
		8B61DDB21F9806B300E791FA /* Views */ = {
			isa = PBXGroup;
			children = (
				847B1CDC1FC50E7200BC6882 /* ArrowPad */,
				847B1CDD1FC50E8C00BC6882 /* MainPuzzleView */,
				847B1CDF1FC50EE100BC6882 /* IndividualViews */,
				847B1CDE1FC50EC900BC6882 /* Character */,
				84B2AFC61FC54F2800EE0A3A /* AlertView.swift */,
				84B2AFC81FC558AF00EE0A3A /* CongratsPurchaseView.swift */,
			);
			path = Views;
			sourceTree = "<group>";
		};
		8B61DDB31F9806CE00E791FA /* Model */ = {
			isa = PBXGroup;
			children = (
				8B61DDB01F98017800E791FA /* Puzzle.swift */,
				8B35EBE91FA2A9A2000F8FD4 /* PoolOfPossiblePuzzles.swift */,
				8BF18F8B1FA3FB6B00FC1FF4 /* Player.swift */,
				8B6B06371FBCC7E300C98851 /* MapTheme.swift */,
				847B1CBD1FC2B99500BC6882 /* Character.swift */,
				847B1CBF1FC2BAA300BC6882 /* PoolOfPossibleCharacters.swift */,
				8B35EBE51FA29E87000F8FD4 /* NextPuzzle.swift */,
				8B61DDC81F992B0B00E791FA /* SquareData.swift */,
			);
			path = Model;
			sourceTree = "<group>";
		};
		8B61DDB41F9806DF00E791FA /* Controller */ = {
			isa = PBXGroup;
			children = (
				8B61DD971F97F6FD00E791FA /* PuzzleViewController.swift */,
				8BF18F8D1FA7D1E600FC1FF4 /* MenuViewController.swift */,
				847B1CD41FC4287900BC6882 /* CharacterSkinsViewController.swift */,
			);
			path = Controller;
			sourceTree = "<group>";
		};
		8B61DDB51F98086B00E791FA /* Extensions */ = {
			isa = PBXGroup;
			children = (
				8B61DDB61F98089C00E791FA /* Extensions.swift */,
			);
			path = Extensions;
			sourceTree = "<group>";
		};
		8B61DDBD1F9814BA00E791FA /* DodgeItTests */ = {
			isa = PBXGroup;
			children = (
				8B61DDBE1F9814BA00E791FA /* StringExtensionTests.swift */,
				8B61DDC01F9814BA00E791FA /* Info.plist */,
			);
			path = DodgeItTests;
			sourceTree = "<group>";
		};
/* End PBXGroup section */

/* Begin PBXNativeTarget section */
		8B61DD911F97F6FD00E791FA /* DodgeIt */ = {
			isa = PBXNativeTarget;
			buildConfigurationList = 8B61DDA71F97F6FD00E791FA /* Build configuration list for PBXNativeTarget "DodgeIt" */;
			buildPhases = (
				0B8CDF587997DF0222D4B094 /* [CP] Check Pods Manifest.lock */,
				8B61DD8E1F97F6FD00E791FA /* Sources */,
				8B61DD8F1F97F6FD00E791FA /* Frameworks */,
				8B61DD901F97F6FD00E791FA /* Resources */,
				6CFB9B807F8888DF7EE7D2BD /* [CP] Embed Pods Frameworks */,
				73E606DBCFBA859C82CF89FD /* [CP] Copy Pods Resources */,
			);
			buildRules = (
			);
			dependencies = (
			);
			name = DodgeIt;
			productName = DodgeIt;
			productReference = 8B61DD921F97F6FD00E791FA /* DodgeIt.app */;
			productType = "com.apple.product-type.application";
		};
		8B61DDBB1F9814BA00E791FA /* DodgeItTests */ = {
			isa = PBXNativeTarget;
			buildConfigurationList = 8B61DDC31F9814BA00E791FA /* Build configuration list for PBXNativeTarget "DodgeItTests" */;
			buildPhases = (
				1F6A76DBB1B2636DC3C86125 /* [CP] Check Pods Manifest.lock */,
				8B61DDB81F9814BA00E791FA /* Sources */,
				8B61DDB91F9814BA00E791FA /* Frameworks */,
				8B61DDBA1F9814BA00E791FA /* Resources */,
				284B1D897E4EDEB3737BFC97 /* [CP] Embed Pods Frameworks */,
				9220F6AFAB4EA050479579D3 /* [CP] Copy Pods Resources */,
			);
			buildRules = (
			);
			dependencies = (
				8B61DDC21F9814BA00E791FA /* PBXTargetDependency */,
			);
			name = DodgeItTests;
			productName = DodgeItTests;
			productReference = 8B61DDBC1F9814BA00E791FA /* DodgeItTests.xctest */;
			productType = "com.apple.product-type.bundle.unit-test";
		};
/* End PBXNativeTarget section */

/* Begin PBXProject section */
		8B61DD8A1F97F6FD00E791FA /* Project object */ = {
			isa = PBXProject;
			attributes = {
				LastSwiftUpdateCheck = 0900;
				LastUpgradeCheck = 0900;
				ORGANIZATIONNAME = esohjay;
				TargetAttributes = {
					8B61DD911F97F6FD00E791FA = {
						CreatedOnToolsVersion = 9.0;
						ProvisioningStyle = Automatic;
						SystemCapabilities = {
							com.apple.InAppPurchase = {
								enabled = 1;
							};
						};
					};
					8B61DDBB1F9814BA00E791FA = {
						CreatedOnToolsVersion = 9.0;
						ProvisioningStyle = Automatic;
						TestTargetID = 8B61DD911F97F6FD00E791FA;
					};
				};
			};
			buildConfigurationList = 8B61DD8D1F97F6FD00E791FA /* Build configuration list for PBXProject "DodgeIt" */;
			compatibilityVersion = "Xcode 8.0";
			developmentRegion = en;
			hasScannedForEncodings = 0;
			knownRegions = (
				en,
				Base,
			);
			mainGroup = 8B61DD891F97F6FD00E791FA;
			productRefGroup = 8B61DD931F97F6FD00E791FA /* Products */;
			projectDirPath = "";
			projectRoot = "";
			targets = (
				8B61DD911F97F6FD00E791FA /* DodgeIt */,
				8B61DDBB1F9814BA00E791FA /* DodgeItTests */,
			);
		};
/* End PBXProject section */

/* Begin PBXResourcesBuildPhase section */
		8B61DD901F97F6FD00E791FA /* Resources */ = {
			isa = PBXResourcesBuildPhase;
			buildActionMask = 2147483647;
			files = (
				8BB3F37C1FBE443D0051F779 /* LocallyStoredBeginnersPuzzles.json in Resources */,
				8BB3F3781FBCD1700051F779 /* LocallyStoredMapThemes.json in Resources */,
				8B61DDA31F97F6FD00E791FA /* LaunchScreen.storyboard in Resources */,
				847B1CBC1FC2B87000BC6882 /* Characters.json in Resources */,
				8B61DDA01F97F6FD00E791FA /* Assets.xcassets in Resources */,
				8B35EBE81FA2A7CD000F8FD4 /* LocallyStoredPuzzles.json in Resources */,
			);
			runOnlyForDeploymentPostprocessing = 0;
		};
		8B61DDBA1F9814BA00E791FA /* Resources */ = {
			isa = PBXResourcesBuildPhase;
			buildActionMask = 2147483647;
			files = (
			);
			runOnlyForDeploymentPostprocessing = 0;
		};
/* End PBXResourcesBuildPhase section */

/* Begin PBXShellScriptBuildPhase section */
		0B8CDF587997DF0222D4B094 /* [CP] Check Pods Manifest.lock */ = {
			isa = PBXShellScriptBuildPhase;
			buildActionMask = 2147483647;
			files = (
			);
			inputPaths = (
			);
			name = "[CP] Check Pods Manifest.lock";
			outputPaths = (
			);
			runOnlyForDeploymentPostprocessing = 0;
			shellPath = /bin/sh;
			shellScript = "diff \"${PODS_ROOT}/../Podfile.lock\" \"${PODS_ROOT}/Manifest.lock\" > /dev/null\nif [[ $? != 0 ]] ; then\n    cat << EOM\nerror: The sandbox is not in sync with the Podfile.lock. Run 'pod install' or update your CocoaPods installation.\nEOM\n    exit 1\nfi\n";
			showEnvVarsInLog = 0;
		};
		1F6A76DBB1B2636DC3C86125 /* [CP] Check Pods Manifest.lock */ = {
			isa = PBXShellScriptBuildPhase;
			buildActionMask = 2147483647;
			files = (
			);
			inputPaths = (
			);
			name = "[CP] Check Pods Manifest.lock";
			outputPaths = (
			);
			runOnlyForDeploymentPostprocessing = 0;
			shellPath = /bin/sh;
			shellScript = "diff \"${PODS_ROOT}/../Podfile.lock\" \"${PODS_ROOT}/Manifest.lock\" > /dev/null\nif [[ $? != 0 ]] ; then\n    cat << EOM\nerror: The sandbox is not in sync with the Podfile.lock. Run 'pod install' or update your CocoaPods installation.\nEOM\n    exit 1\nfi\n";
			showEnvVarsInLog = 0;
		};
		284B1D897E4EDEB3737BFC97 /* [CP] Embed Pods Frameworks */ = {
			isa = PBXShellScriptBuildPhase;
			buildActionMask = 2147483647;
			files = (
			);
			inputPaths = (
			);
			name = "[CP] Embed Pods Frameworks";
			outputPaths = (
			);
			runOnlyForDeploymentPostprocessing = 0;
			shellPath = /bin/sh;
			shellScript = "\"${SRCROOT}/Pods/Target Support Files/Pods-DodgeItTests/Pods-DodgeItTests-frameworks.sh\"\n";
			showEnvVarsInLog = 0;
		};
		6CFB9B807F8888DF7EE7D2BD /* [CP] Embed Pods Frameworks */ = {
			isa = PBXShellScriptBuildPhase;
			buildActionMask = 2147483647;
			files = (
			);
			inputPaths = (
			);
			name = "[CP] Embed Pods Frameworks";
			outputPaths = (
			);
			runOnlyForDeploymentPostprocessing = 0;
			shellPath = /bin/sh;
			shellScript = "\"${SRCROOT}/Pods/Target Support Files/Pods-DodgeIt/Pods-DodgeIt-frameworks.sh\"\n";
			showEnvVarsInLog = 0;
		};
		73E606DBCFBA859C82CF89FD /* [CP] Copy Pods Resources */ = {
			isa = PBXShellScriptBuildPhase;
			buildActionMask = 2147483647;
			files = (
			);
			inputPaths = (
			);
			name = "[CP] Copy Pods Resources";
			outputPaths = (
			);
			runOnlyForDeploymentPostprocessing = 0;
			shellPath = /bin/sh;
			shellScript = "\"${SRCROOT}/Pods/Target Support Files/Pods-DodgeIt/Pods-DodgeIt-resources.sh\"\n";
			showEnvVarsInLog = 0;
		};
		9220F6AFAB4EA050479579D3 /* [CP] Copy Pods Resources */ = {
			isa = PBXShellScriptBuildPhase;
			buildActionMask = 2147483647;
			files = (
			);
			inputPaths = (
			);
			name = "[CP] Copy Pods Resources";
			outputPaths = (
			);
			runOnlyForDeploymentPostprocessing = 0;
			shellPath = /bin/sh;
			shellScript = "\"${SRCROOT}/Pods/Target Support Files/Pods-DodgeItTests/Pods-DodgeItTests-resources.sh\"\n";
			showEnvVarsInLog = 0;
		};
/* End PBXShellScriptBuildPhase section */

/* Begin PBXSourcesBuildPhase section */
		8B61DD8E1F97F6FD00E791FA /* Sources */ = {
			isa = PBXSourcesBuildPhase;
			buildActionMask = 2147483647;
			files = (
				8B61DDAB1F97F8D100E791FA /* PuzzleView.swift in Sources */,
				847B1CD51FC4287900BC6882 /* CharacterSkinsViewController.swift in Sources */,
				847B1CC01FC2BAA300BC6882 /* PoolOfPossibleCharacters.swift in Sources */,
				847B1CD71FC42B7F00BC6882 /* CharacterSkinCell.swift in Sources */,
				8B61DDB11F98017800E791FA /* Puzzle.swift in Sources */,
				84B2AFC71FC54F2800EE0A3A /* AlertView.swift in Sources */,
				8BD323CA1FB6333C00BE9720 /* GoogleAdService.swift in Sources */,
				8B61DD981F97F6FD00E791FA /* PuzzleViewController.swift in Sources */,
				8B61DDCD1F9FC10B00E791FA /* PlayerView.swift in Sources */,
				8BF18F8C1FA3FB6B00FC1FF4 /* Player.swift in Sources */,
				8B61DDC91F992B0B00E791FA /* SquareData.swift in Sources */,
				8B61DDB71F98089C00E791FA /* Extensions.swift in Sources */,
				8B6B06381FBCC7E300C98851 /* MapTheme.swift in Sources */,
				847B1CB81FC2741D00BC6882 /* CoinView.swift in Sources */,
				8B1C82AD1FB62E6300A0D100 /* Constants.swift in Sources */,
				847B1CBE1FC2B99500BC6882 /* Character.swift in Sources */,
				8B61DD961F97F6FD00E791FA /* AppDelegate.swift in Sources */,
				8B35EBEA1FA2A9A2000F8FD4 /* PoolOfPossiblePuzzles.swift in Sources */,
				8B35EBE61FA29E87000F8FD4 /* NextPuzzle.swift in Sources */,
				847B1CDB1FC50E5C00BC6882 /* ArrowPadView.swift in Sources */,
				8B61DDAF1F97FE6400E791FA /* SquareView.swift in Sources */,
				847B1CBA1FC2B36300BC6882 /* CharacterImageView.swift in Sources */,
				8B1DA6B21FA3D76100C10ABE /* TestingConstants.swift in Sources */,
				8B853C9F1FBA5D1C003F92F7 /* MenuButton.swift in Sources */,
				8BB3F37A1FBD10550051F779 /* IAPHelper.swift in Sources */,
				847B1CD91FC50C4B00BC6882 /* ArrowButton.swift in Sources */,
				8B61DD9E1F97F6FD00E791FA /* DodgeIt.xcdatamodeld in Sources */,
				8BB3F37E1FC3700F0051F779 /* PlayerDefaults.swift in Sources */,
				8B61DDAD1F97FDFC00E791FA /* GridContainerView.swift in Sources */,
				84B2AFC91FC558AF00EE0A3A /* CongratsPurchaseView.swift in Sources */,
				8BF18F8E1FA7D1E600FC1FF4 /* MenuViewController.swift in Sources */,
			);
			runOnlyForDeploymentPostprocessing = 0;
		};
		8B61DDB81F9814BA00E791FA /* Sources */ = {
			isa = PBXSourcesBuildPhase;
			buildActionMask = 2147483647;
			files = (
				8B61DDBF1F9814BA00E791FA /* StringExtensionTests.swift in Sources */,
				8B61DDC71F98155C00E791FA /* Extensions.swift in Sources */,
			);
			runOnlyForDeploymentPostprocessing = 0;
		};
/* End PBXSourcesBuildPhase section */

/* Begin PBXTargetDependency section */
		8B61DDC21F9814BA00E791FA /* PBXTargetDependency */ = {
			isa = PBXTargetDependency;
			target = 8B61DD911F97F6FD00E791FA /* DodgeIt */;
			targetProxy = 8B61DDC11F9814BA00E791FA /* PBXContainerItemProxy */;
		};
/* End PBXTargetDependency section */

/* Begin PBXVariantGroup section */
		8B61DDA11F97F6FD00E791FA /* LaunchScreen.storyboard */ = {
			isa = PBXVariantGroup;
			children = (
				8B61DDA21F97F6FD00E791FA /* Base */,
			);
			name = LaunchScreen.storyboard;
			sourceTree = "<group>";
		};
/* End PBXVariantGroup section */

/* Begin XCBuildConfiguration section */
		8B61DDA51F97F6FD00E791FA /* Debug */ = {
			isa = XCBuildConfiguration;
			buildSettings = {
				ALWAYS_SEARCH_USER_PATHS = NO;
				CLANG_ANALYZER_NONNULL = YES;
				CLANG_ANALYZER_NUMBER_OBJECT_CONVERSION = YES_AGGRESSIVE;
				CLANG_CXX_LANGUAGE_STANDARD = "gnu++14";
				CLANG_CXX_LIBRARY = "libc++";
				CLANG_ENABLE_MODULES = YES;
				CLANG_ENABLE_OBJC_ARC = YES;
				CLANG_WARN_BLOCK_CAPTURE_AUTORELEASING = YES;
				CLANG_WARN_BOOL_CONVERSION = YES;
				CLANG_WARN_COMMA = YES;
				CLANG_WARN_CONSTANT_CONVERSION = YES;
				CLANG_WARN_DIRECT_OBJC_ISA_USAGE = YES_ERROR;
				CLANG_WARN_DOCUMENTATION_COMMENTS = YES;
				CLANG_WARN_EMPTY_BODY = YES;
				CLANG_WARN_ENUM_CONVERSION = YES;
				CLANG_WARN_INFINITE_RECURSION = YES;
				CLANG_WARN_INT_CONVERSION = YES;
				CLANG_WARN_NON_LITERAL_NULL_CONVERSION = YES;
				CLANG_WARN_OBJC_LITERAL_CONVERSION = YES;
				CLANG_WARN_OBJC_ROOT_CLASS = YES_ERROR;
				CLANG_WARN_RANGE_LOOP_ANALYSIS = YES;
				CLANG_WARN_STRICT_PROTOTYPES = YES;
				CLANG_WARN_SUSPICIOUS_MOVE = YES;
				CLANG_WARN_UNGUARDED_AVAILABILITY = YES_AGGRESSIVE;
				CLANG_WARN_UNREACHABLE_CODE = YES;
				CLANG_WARN__DUPLICATE_METHOD_MATCH = YES;
				CODE_SIGN_IDENTITY = "iPhone Developer";
				COPY_PHASE_STRIP = NO;
				DEBUG_INFORMATION_FORMAT = dwarf;
				ENABLE_STRICT_OBJC_MSGSEND = YES;
				ENABLE_TESTABILITY = YES;
				GCC_C_LANGUAGE_STANDARD = gnu11;
				GCC_DYNAMIC_NO_PIC = NO;
				GCC_NO_COMMON_BLOCKS = YES;
				GCC_OPTIMIZATION_LEVEL = 0;
				GCC_PREPROCESSOR_DEFINITIONS = (
					"DEBUG=1",
					"$(inherited)",
				);
				GCC_WARN_64_TO_32_BIT_CONVERSION = YES;
				GCC_WARN_ABOUT_RETURN_TYPE = YES_ERROR;
				GCC_WARN_UNDECLARED_SELECTOR = YES;
				GCC_WARN_UNINITIALIZED_AUTOS = YES_AGGRESSIVE;
				GCC_WARN_UNUSED_FUNCTION = YES;
				GCC_WARN_UNUSED_VARIABLE = YES;
				IPHONEOS_DEPLOYMENT_TARGET = 11.0;
				MTL_ENABLE_DEBUG_INFO = YES;
				ONLY_ACTIVE_ARCH = YES;
				SDKROOT = iphoneos;
				SWIFT_ACTIVE_COMPILATION_CONDITIONS = DEBUG;
				SWIFT_OPTIMIZATION_LEVEL = "-Onone";
			};
			name = Debug;
		};
		8B61DDA61F97F6FD00E791FA /* Release */ = {
			isa = XCBuildConfiguration;
			buildSettings = {
				ALWAYS_SEARCH_USER_PATHS = NO;
				CLANG_ANALYZER_NONNULL = YES;
				CLANG_ANALYZER_NUMBER_OBJECT_CONVERSION = YES_AGGRESSIVE;
				CLANG_CXX_LANGUAGE_STANDARD = "gnu++14";
				CLANG_CXX_LIBRARY = "libc++";
				CLANG_ENABLE_MODULES = YES;
				CLANG_ENABLE_OBJC_ARC = YES;
				CLANG_WARN_BLOCK_CAPTURE_AUTORELEASING = YES;
				CLANG_WARN_BOOL_CONVERSION = YES;
				CLANG_WARN_COMMA = YES;
				CLANG_WARN_CONSTANT_CONVERSION = YES;
				CLANG_WARN_DIRECT_OBJC_ISA_USAGE = YES_ERROR;
				CLANG_WARN_DOCUMENTATION_COMMENTS = YES;
				CLANG_WARN_EMPTY_BODY = YES;
				CLANG_WARN_ENUM_CONVERSION = YES;
				CLANG_WARN_INFINITE_RECURSION = YES;
				CLANG_WARN_INT_CONVERSION = YES;
				CLANG_WARN_NON_LITERAL_NULL_CONVERSION = YES;
				CLANG_WARN_OBJC_LITERAL_CONVERSION = YES;
				CLANG_WARN_OBJC_ROOT_CLASS = YES_ERROR;
				CLANG_WARN_RANGE_LOOP_ANALYSIS = YES;
				CLANG_WARN_STRICT_PROTOTYPES = YES;
				CLANG_WARN_SUSPICIOUS_MOVE = YES;
				CLANG_WARN_UNGUARDED_AVAILABILITY = YES_AGGRESSIVE;
				CLANG_WARN_UNREACHABLE_CODE = YES;
				CLANG_WARN__DUPLICATE_METHOD_MATCH = YES;
				CODE_SIGN_IDENTITY = "iPhone Developer";
				COPY_PHASE_STRIP = NO;
				DEBUG_INFORMATION_FORMAT = "dwarf-with-dsym";
				ENABLE_NS_ASSERTIONS = NO;
				ENABLE_STRICT_OBJC_MSGSEND = YES;
				GCC_C_LANGUAGE_STANDARD = gnu11;
				GCC_NO_COMMON_BLOCKS = YES;
				GCC_WARN_64_TO_32_BIT_CONVERSION = YES;
				GCC_WARN_ABOUT_RETURN_TYPE = YES_ERROR;
				GCC_WARN_UNDECLARED_SELECTOR = YES;
				GCC_WARN_UNINITIALIZED_AUTOS = YES_AGGRESSIVE;
				GCC_WARN_UNUSED_FUNCTION = YES;
				GCC_WARN_UNUSED_VARIABLE = YES;
				IPHONEOS_DEPLOYMENT_TARGET = 11.0;
				MTL_ENABLE_DEBUG_INFO = NO;
				SDKROOT = iphoneos;
				SWIFT_OPTIMIZATION_LEVEL = "-Owholemodule";
				VALIDATE_PRODUCT = YES;
			};
			name = Release;
		};
		8B61DDA81F97F6FD00E791FA /* Debug */ = {
			isa = XCBuildConfiguration;
			baseConfigurationReference = 5D098B9F8D8DB05EE71C33B7 /* Pods-DodgeIt.debug.xcconfig */;
			buildSettings = {
				ASSETCATALOG_COMPILER_APPICON_NAME = AppIcon;
				CODE_SIGN_STYLE = Automatic;
				DEVELOPMENT_TEAM = KQ85KX5DW2;
				INFOPLIST_FILE = DodgeIt/Info.plist;
				LD_RUNPATH_SEARCH_PATHS = "$(inherited) @executable_path/Frameworks";
				PRODUCT_BUNDLE_IDENTIFIER = com.esohjay.DodgeIt;
				PRODUCT_NAME = "$(TARGET_NAME)";
				SWIFT_VERSION = 4.0;
				TARGETED_DEVICE_FAMILY = "1,2";
			};
			name = Debug;
		};
		8B61DDA91F97F6FD00E791FA /* Release */ = {
			isa = XCBuildConfiguration;
			baseConfigurationReference = 843ECF144AE34495F489110D /* Pods-DodgeIt.release.xcconfig */;
			buildSettings = {
				ASSETCATALOG_COMPILER_APPICON_NAME = AppIcon;
				CODE_SIGN_STYLE = Automatic;
				DEVELOPMENT_TEAM = KQ85KX5DW2;
				INFOPLIST_FILE = DodgeIt/Info.plist;
				LD_RUNPATH_SEARCH_PATHS = "$(inherited) @executable_path/Frameworks";
				PRODUCT_BUNDLE_IDENTIFIER = com.esohjay.DodgeIt;
				PRODUCT_NAME = "$(TARGET_NAME)";
				SWIFT_VERSION = 4.0;
				TARGETED_DEVICE_FAMILY = "1,2";
			};
			name = Release;
		};
		8B61DDC41F9814BA00E791FA /* Debug */ = {
			isa = XCBuildConfiguration;
			baseConfigurationReference = E1F8F5F4E45D2847629B749F /* Pods-DodgeItTests.debug.xcconfig */;
			buildSettings = {
				BUNDLE_LOADER = "$(TEST_HOST)";
				CODE_SIGN_STYLE = Automatic;
				DEVELOPMENT_TEAM = KQ85KX5DW2;
				INFOPLIST_FILE = DodgeItTests/Info.plist;
				LD_RUNPATH_SEARCH_PATHS = "$(inherited) @executable_path/Frameworks @loader_path/Frameworks";
				PRODUCT_BUNDLE_IDENTIFIER = com.esohjay.DodgeItTests;
				PRODUCT_NAME = "$(TARGET_NAME)";
				SWIFT_VERSION = 4.0;
				TARGETED_DEVICE_FAMILY = "1,2";
				TEST_HOST = "$(BUILT_PRODUCTS_DIR)/DodgeIt.app/DodgeIt";
			};
			name = Debug;
		};
		8B61DDC51F9814BA00E791FA /* Release */ = {
			isa = XCBuildConfiguration;
			baseConfigurationReference = 481D1F6885C6FB53388171F4 /* Pods-DodgeItTests.release.xcconfig */;
			buildSettings = {
				BUNDLE_LOADER = "$(TEST_HOST)";
				CODE_SIGN_STYLE = Automatic;
				DEVELOPMENT_TEAM = KQ85KX5DW2;
				INFOPLIST_FILE = DodgeItTests/Info.plist;
				LD_RUNPATH_SEARCH_PATHS = "$(inherited) @executable_path/Frameworks @loader_path/Frameworks";
				PRODUCT_BUNDLE_IDENTIFIER = com.esohjay.DodgeItTests;
				PRODUCT_NAME = "$(TARGET_NAME)";
				SWIFT_VERSION = 4.0;
				TARGETED_DEVICE_FAMILY = "1,2";
				TEST_HOST = "$(BUILT_PRODUCTS_DIR)/DodgeIt.app/DodgeIt";
			};
			name = Release;
		};
/* End XCBuildConfiguration section */

/* Begin XCConfigurationList section */
		8B61DD8D1F97F6FD00E791FA /* Build configuration list for PBXProject "DodgeIt" */ = {
			isa = XCConfigurationList;
			buildConfigurations = (
				8B61DDA51F97F6FD00E791FA /* Debug */,
				8B61DDA61F97F6FD00E791FA /* Release */,
			);
			defaultConfigurationIsVisible = 0;
			defaultConfigurationName = Release;
		};
		8B61DDA71F97F6FD00E791FA /* Build configuration list for PBXNativeTarget "DodgeIt" */ = {
			isa = XCConfigurationList;
			buildConfigurations = (
				8B61DDA81F97F6FD00E791FA /* Debug */,
				8B61DDA91F97F6FD00E791FA /* Release */,
			);
			defaultConfigurationIsVisible = 0;
			defaultConfigurationName = Release;
		};
		8B61DDC31F9814BA00E791FA /* Build configuration list for PBXNativeTarget "DodgeItTests" */ = {
			isa = XCConfigurationList;
			buildConfigurations = (
				8B61DDC41F9814BA00E791FA /* Debug */,
				8B61DDC51F9814BA00E791FA /* Release */,
			);
			defaultConfigurationIsVisible = 0;
			defaultConfigurationName = Release;
		};
/* End XCConfigurationList section */

/* Begin XCVersionGroup section */
		8B61DD9C1F97F6FD00E791FA /* DodgeIt.xcdatamodeld */ = {
			isa = XCVersionGroup;
			children = (
				8B61DD9D1F97F6FD00E791FA /* DodgeIt.xcdatamodel */,
			);
			currentVersion = 8B61DD9D1F97F6FD00E791FA /* DodgeIt.xcdatamodel */;
			path = DodgeIt.xcdatamodeld;
			sourceTree = "<group>";
			versionGroupType = wrapper.xcdatamodel;
		};
/* End XCVersionGroup section */
	};
	rootObject = 8B61DD8A1F97F6FD00E791FA /* Project object */;
}
