// !$*UTF8*$!
{
	archiveVersion = 1;
	classes = {
	};
	objectVersion = 48;
	objects = {

/* Begin PBXBuildFile section */
		8B35EBE61FA29E87000F8FD4 /* NextPuzzle.swift in Sources */ = {isa = PBXBuildFile; fileRef = 8B35EBE51FA29E87000F8FD4 /* NextPuzzle.swift */; };
		8B61DD961F97F6FD00E791FA /* AppDelegate.swift in Sources */ = {isa = PBXBuildFile; fileRef = 8B61DD951F97F6FD00E791FA /* AppDelegate.swift */; };
		8B61DD981F97F6FD00E791FA /* PuzzleViewController.swift in Sources */ = {isa = PBXBuildFile; fileRef = 8B61DD971F97F6FD00E791FA /* PuzzleViewController.swift */; };
		8B61DD9E1F97F6FD00E791FA /* DodgeIt.xcdatamodeld in Sources */ = {isa = PBXBuildFile; fileRef = 8B61DD9C1F97F6FD00E791FA /* DodgeIt.xcdatamodeld */; };
		8B61DDA01F97F6FD00E791FA /* Assets.xcassets in Resources */ = {isa = PBXBuildFile; fileRef = 8B61DD9F1F97F6FD00E791FA /* Assets.xcassets */; };
		8B61DDA31F97F6FD00E791FA /* LaunchScreen.storyboard in Resources */ = {isa = PBXBuildFile; fileRef = 8B61DDA11F97F6FD00E791FA /* LaunchScreen.storyboard */; };
		8B61DDAB1F97F8D100E791FA /* PuzzleView.swift in Sources */ = {isa = PBXBuildFile; fileRef = 8B61DDAA1F97F8D100E791FA /* PuzzleView.swift */; };
		8B61DDAD1F97FDFC00E791FA /* GridContainerView.swift in Sources */ = {isa = PBXBuildFile; fileRef = 8B61DDAC1F97FDFC00E791FA /* GridContainerView.swift */; };
		8B61DDAF1F97FE6400E791FA /* SquareView.swift in Sources */ = {isa = PBXBuildFile; fileRef = 8B61DDAE1F97FE6400E791FA /* SquareView.swift */; };
		8B61DDB11F98017800E791FA /* Puzzle.swift in Sources */ = {isa = PBXBuildFile; fileRef = 8B61DDB01F98017800E791FA /* Puzzle.swift */; };
		8B61DDB71F98089C00E791FA /* String+TupleValue.swift in Sources */ = {isa = PBXBuildFile; fileRef = 8B61DDB61F98089C00E791FA /* String+TupleValue.swift */; };
		8B61DDBF1F9814BA00E791FA /* StringExtensionTests.swift in Sources */ = {isa = PBXBuildFile; fileRef = 8B61DDBE1F9814BA00E791FA /* StringExtensionTests.swift */; };
		8B61DDC71F98155C00E791FA /* String+TupleValue.swift in Sources */ = {isa = PBXBuildFile; fileRef = 8B61DDB61F98089C00E791FA /* String+TupleValue.swift */; };
		8B61DDC91F992B0B00E791FA /* SquareData.swift in Sources */ = {isa = PBXBuildFile; fileRef = 8B61DDC81F992B0B00E791FA /* SquareData.swift */; };
		8B61DDCD1F9FC10B00E791FA /* PlayerView.swift in Sources */ = {isa = PBXBuildFile; fileRef = 8B61DDCC1F9FC10A00E791FA /* PlayerView.swift */; };
/* End PBXBuildFile section */

/* Begin PBXContainerItemProxy section */
		8B61DDC11F9814BA00E791FA /* PBXContainerItemProxy */ = {
			isa = PBXContainerItemProxy;
			containerPortal = 8B61DD8A1F97F6FD00E791FA /* Project object */;
			proxyType = 1;
			remoteGlobalIDString = 8B61DD911F97F6FD00E791FA;
			remoteInfo = DodgeIt;
		};
/* End PBXContainerItemProxy section */

/* Begin PBXFileReference section */
		8B35EBE51FA29E87000F8FD4 /* NextPuzzle.swift */ = {isa = PBXFileReference; lastKnownFileType = sourcecode.swift; path = NextPuzzle.swift; sourceTree = "<group>"; };
		8B61DD921F97F6FD00E791FA /* DodgeIt.app */ = {isa = PBXFileReference; explicitFileType = wrapper.application; includeInIndex = 0; path = DodgeIt.app; sourceTree = BUILT_PRODUCTS_DIR; };
		8B61DD951F97F6FD00E791FA /* AppDelegate.swift */ = {isa = PBXFileReference; lastKnownFileType = sourcecode.swift; path = AppDelegate.swift; sourceTree = "<group>"; };
		8B61DD971F97F6FD00E791FA /* PuzzleViewController.swift */ = {isa = PBXFileReference; lastKnownFileType = sourcecode.swift; path = PuzzleViewController.swift; sourceTree = "<group>"; };
		8B61DD9D1F97F6FD00E791FA /* DodgeIt.xcdatamodel */ = {isa = PBXFileReference; lastKnownFileType = wrapper.xcdatamodel; path = DodgeIt.xcdatamodel; sourceTree = "<group>"; };
		8B61DD9F1F97F6FD00E791FA /* Assets.xcassets */ = {isa = PBXFileReference; lastKnownFileType = folder.assetcatalog; path = Assets.xcassets; sourceTree = "<group>"; };
		8B61DDA21F97F6FD00E791FA /* Base */ = {isa = PBXFileReference; lastKnownFileType = file.storyboard; name = Base; path = Base.lproj/LaunchScreen.storyboard; sourceTree = "<group>"; };
		8B61DDA41F97F6FD00E791FA /* Info.plist */ = {isa = PBXFileReference; lastKnownFileType = text.plist.xml; path = Info.plist; sourceTree = "<group>"; };
		8B61DDAA1F97F8D100E791FA /* PuzzleView.swift */ = {isa = PBXFileReference; lastKnownFileType = sourcecode.swift; path = PuzzleView.swift; sourceTree = "<group>"; };
		8B61DDAC1F97FDFC00E791FA /* GridContainerView.swift */ = {isa = PBXFileReference; lastKnownFileType = sourcecode.swift; path = GridContainerView.swift; sourceTree = "<group>"; };
		8B61DDAE1F97FE6400E791FA /* SquareView.swift */ = {isa = PBXFileReference; lastKnownFileType = sourcecode.swift; path = SquareView.swift; sourceTree = "<group>"; };
		8B61DDB01F98017800E791FA /* Puzzle.swift */ = {isa = PBXFileReference; lastKnownFileType = sourcecode.swift; path = Puzzle.swift; sourceTree = "<group>"; };
		8B61DDB61F98089C00E791FA /* String+TupleValue.swift */ = {isa = PBXFileReference; lastKnownFileType = sourcecode.swift; path = "String+TupleValue.swift"; sourceTree = "<group>"; };
		8B61DDBC1F9814BA00E791FA /* DodgeItTests.xctest */ = {isa = PBXFileReference; explicitFileType = wrapper.cfbundle; includeInIndex = 0; path = DodgeItTests.xctest; sourceTree = BUILT_PRODUCTS_DIR; };
		8B61DDBE1F9814BA00E791FA /* StringExtensionTests.swift */ = {isa = PBXFileReference; lastKnownFileType = sourcecode.swift; path = StringExtensionTests.swift; sourceTree = "<group>"; };
		8B61DDC01F9814BA00E791FA /* Info.plist */ = {isa = PBXFileReference; lastKnownFileType = text.plist.xml; path = Info.plist; sourceTree = "<group>"; };
		8B61DDC81F992B0B00E791FA /* SquareData.swift */ = {isa = PBXFileReference; lastKnownFileType = sourcecode.swift; path = SquareData.swift; sourceTree = "<group>"; };
		8B61DDCC1F9FC10A00E791FA /* PlayerView.swift */ = {isa = PBXFileReference; lastKnownFileType = sourcecode.swift; path = PlayerView.swift; sourceTree = "<group>"; };
/* End PBXFileReference section */

/* Begin PBXFrameworksBuildPhase section */
		8B61DD8F1F97F6FD00E791FA /* Frameworks */ = {
			isa = PBXFrameworksBuildPhase;
			buildActionMask = 2147483647;
			files = (
			);
			runOnlyForDeploymentPostprocessing = 0;
		};
		8B61DDB91F9814BA00E791FA /* Frameworks */ = {
			isa = PBXFrameworksBuildPhase;
			buildActionMask = 2147483647;
			files = (
			);
			runOnlyForDeploymentPostprocessing = 0;
		};
/* End PBXFrameworksBuildPhase section */

/* Begin PBXGroup section */
		8B61DD891F97F6FD00E791FA = {
			isa = PBXGroup;
			children = (
				8B61DD941F97F6FD00E791FA /* DodgeIt */,
				8B61DDBD1F9814BA00E791FA /* DodgeItTests */,
				8B61DD931F97F6FD00E791FA /* Products */,
			);
			sourceTree = "<group>";
		};
		8B61DD931F97F6FD00E791FA /* Products */ = {
			isa = PBXGroup;
			children = (
				8B61DD921F97F6FD00E791FA /* DodgeIt.app */,
				8B61DDBC1F9814BA00E791FA /* DodgeItTests.xctest */,
			);
			name = Products;
			sourceTree = "<group>";
		};
		8B61DD941F97F6FD00E791FA /* DodgeIt */ = {
			isa = PBXGroup;
			children = (
				8B61DD951F97F6FD00E791FA /* AppDelegate.swift */,
				8B61DDB51F98086B00E791FA /* Extensions */,
				8B61DDB41F9806DF00E791FA /* Controller */,
				8B61DDB31F9806CE00E791FA /* Model */,
				8B61DDB21F9806B300E791FA /* Views */,
				8B61DD9F1F97F6FD00E791FA /* Assets.xcassets */,
				8B61DDA11F97F6FD00E791FA /* LaunchScreen.storyboard */,
				8B61DDA41F97F6FD00E791FA /* Info.plist */,
				8B61DD9C1F97F6FD00E791FA /* DodgeIt.xcdatamodeld */,
			);
			path = DodgeIt;
			sourceTree = "<group>";
		};
		8B61DDB21F9806B300E791FA /* Views */ = {
			isa = PBXGroup;
			children = (
				8B61DDAA1F97F8D100E791FA /* PuzzleView.swift */,
				8B61DDCC1F9FC10A00E791FA /* PlayerView.swift */,
				8B61DDAC1F97FDFC00E791FA /* GridContainerView.swift */,
				8B61DDAE1F97FE6400E791FA /* SquareView.swift */,
			);
			path = Views;
			sourceTree = "<group>";
		};
		8B61DDB31F9806CE00E791FA /* Model */ = {
			isa = PBXGroup;
			children = (
				8B61DDB01F98017800E791FA /* Puzzle.swift */,
				8B35EBE51FA29E87000F8FD4 /* NextPuzzle.swift */,
				8B61DDC81F992B0B00E791FA /* SquareData.swift */,
			);
			path = Model;
			sourceTree = "<group>";
		};
		8B61DDB41F9806DF00E791FA /* Controller */ = {
			isa = PBXGroup;
			children = (
				8B61DD971F97F6FD00E791FA /* PuzzleViewController.swift */,
			);
			path = Controller;
			sourceTree = "<group>";
		};
		8B61DDB51F98086B00E791FA /* Extensions */ = {
			isa = PBXGroup;
			children = (
				8B61DDB61F98089C00E791FA /* String+TupleValue.swift */,
			);
			path = Extensions;
			sourceTree = "<group>";
		};
		8B61DDBD1F9814BA00E791FA /* DodgeItTests */ = {
			isa = PBXGroup;
			children = (
				8B61DDBE1F9814BA00E791FA /* StringExtensionTests.swift */,
				8B61DDC01F9814BA00E791FA /* Info.plist */,
			);
			path = DodgeItTests;
			sourceTree = "<group>";
		};
/* End PBXGroup section */

/* Begin PBXNativeTarget section */
		8B61DD911F97F6FD00E791FA /* DodgeIt */ = {
			isa = PBXNativeTarget;
			buildConfigurationList = 8B61DDA71F97F6FD00E791FA /* Build configuration list for PBXNativeTarget "DodgeIt" */;
			buildPhases = (
				8B61DD8E1F97F6FD00E791FA /* Sources */,
				8B61DD8F1F97F6FD00E791FA /* Frameworks */,
				8B61DD901F97F6FD00E791FA /* Resources */,
			);
			buildRules = (
			);
			dependencies = (
			);
			name = DodgeIt;
			productName = DodgeIt;
			productReference = 8B61DD921F97F6FD00E791FA /* DodgeIt.app */;
			productType = "com.apple.product-type.application";
		};
		8B61DDBB1F9814BA00E791FA /* DodgeItTests */ = {
			isa = PBXNativeTarget;
			buildConfigurationList = 8B61DDC31F9814BA00E791FA /* Build configuration list for PBXNativeTarget "DodgeItTests" */;
			buildPhases = (
				8B61DDB81F9814BA00E791FA /* Sources */,
				8B61DDB91F9814BA00E791FA /* Frameworks */,
				8B61DDBA1F9814BA00E791FA /* Resources */,
			);
			buildRules = (
			);
			dependencies = (
				8B61DDC21F9814BA00E791FA /* PBXTargetDependency */,
			);
			name = DodgeItTests;
			productName = DodgeItTests;
			productReference = 8B61DDBC1F9814BA00E791FA /* DodgeItTests.xctest */;
			productType = "com.apple.product-type.bundle.unit-test";
		};
/* End PBXNativeTarget section */

/* Begin PBXProject section */
		8B61DD8A1F97F6FD00E791FA /* Project object */ = {
			isa = PBXProject;
			attributes = {
				LastSwiftUpdateCheck = 0900;
				LastUpgradeCheck = 0900;
				ORGANIZATIONNAME = esohjay;
				TargetAttributes = {
					8B61DD911F97F6FD00E791FA = {
						CreatedOnToolsVersion = 9.0;
						ProvisioningStyle = Automatic;
					};
					8B61DDBB1F9814BA00E791FA = {
						CreatedOnToolsVersion = 9.0;
						ProvisioningStyle = Automatic;
						TestTargetID = 8B61DD911F97F6FD00E791FA;
					};
				};
			};
			buildConfigurationList = 8B61DD8D1F97F6FD00E791FA /* Build configuration list for PBXProject "DodgeIt" */;
			compatibilityVersion = "Xcode 8.0";
			developmentRegion = en;
			hasScannedForEncodings = 0;
			knownRegions = (
				en,
				Base,
			);
			mainGroup = 8B61DD891F97F6FD00E791FA;
			productRefGroup = 8B61DD931F97F6FD00E791FA /* Products */;
			projectDirPath = "";
			projectRoot = "";
			targets = (
				8B61DD911F97F6FD00E791FA /* DodgeIt */,
				8B61DDBB1F9814BA00E791FA /* DodgeItTests */,
			);
		};
/* End PBXProject section */

/* Begin PBXResourcesBuildPhase section */
		8B61DD901F97F6FD00E791FA /* Resources */ = {
			isa = PBXResourcesBuildPhase;
			buildActionMask = 2147483647;
			files = (
				8B61DDA31F97F6FD00E791FA /* LaunchScreen.storyboard in Resources */,
				8B61DDA01F97F6FD00E791FA /* Assets.xcassets in Resources */,
			);
			runOnlyForDeploymentPostprocessing = 0;
		};
		8B61DDBA1F9814BA00E791FA /* Resources */ = {
			isa = PBXResourcesBuildPhase;
			buildActionMask = 2147483647;
			files = (
			);
			runOnlyForDeploymentPostprocessing = 0;
		};
/* End PBXResourcesBuildPhase section */

/* Begin PBXSourcesBuildPhase section */
		8B61DD8E1F97F6FD00E791FA /* Sources */ = {
			isa = PBXSourcesBuildPhase;
			buildActionMask = 2147483647;
			files = (
				8B61DDAB1F97F8D100E791FA /* PuzzleView.swift in Sources */,
				8B61DDB11F98017800E791FA /* Puzzle.swift in Sources */,
				8B61DD981F97F6FD00E791FA /* PuzzleViewController.swift in Sources */,
				8B61DDCD1F9FC10B00E791FA /* PlayerView.swift in Sources */,
				8B61DDC91F992B0B00E791FA /* SquareData.swift in Sources */,
				8B61DDB71F98089C00E791FA /* String+TupleValue.swift in Sources */,
				8B61DD961F97F6FD00E791FA /* AppDelegate.swift in Sources */,
				8B35EBE61FA29E87000F8FD4 /* NextPuzzle.swift in Sources */,
				8B61DDAF1F97FE6400E791FA /* SquareView.swift in Sources */,
				8B61DD9E1F97F6FD00E791FA /* DodgeIt.xcdatamodeld in Sources */,
				8B61DDAD1F97FDFC00E791FA /* GridContainerView.swift in Sources */,
			);
			runOnlyForDeploymentPostprocessing = 0;
		};
		8B61DDB81F9814BA00E791FA /* Sources */ = {
			isa = PBXSourcesBuildPhase;
			buildActionMask = 2147483647;
			files = (
				8B61DDBF1F9814BA00E791FA /* StringExtensionTests.swift in Sources */,
				8B61DDC71F98155C00E791FA /* String+TupleValue.swift in Sources */,
			);
			runOnlyForDeploymentPostprocessing = 0;
		};
/* End PBXSourcesBuildPhase section */

/* Begin PBXTargetDependency section */
		8B61DDC21F9814BA00E791FA /* PBXTargetDependency */ = {
			isa = PBXTargetDependency;
			target = 8B61DD911F97F6FD00E791FA /* DodgeIt */;
			targetProxy = 8B61DDC11F9814BA00E791FA /* PBXContainerItemProxy */;
		};
/* End PBXTargetDependency section */

/* Begin PBXVariantGroup section */
		8B61DDA11F97F6FD00E791FA /* LaunchScreen.storyboard */ = {
			isa = PBXVariantGroup;
			children = (
				8B61DDA21F97F6FD00E791FA /* Base */,
			);
			name = LaunchScreen.storyboard;
			sourceTree = "<group>";
		};
/* End PBXVariantGroup section */

/* Begin XCBuildConfiguration section */
		8B61DDA51F97F6FD00E791FA /* Debug */ = {
			isa = XCBuildConfiguration;
			buildSettings = {
				ALWAYS_SEARCH_USER_PATHS = NO;
				CLANG_ANALYZER_NONNULL = YES;
				CLANG_ANALYZER_NUMBER_OBJECT_CONVERSION = YES_AGGRESSIVE;
				CLANG_CXX_LANGUAGE_STANDARD = "gnu++14";
				CLANG_CXX_LIBRARY = "libc++";
				CLANG_ENABLE_MODULES = YES;
				CLANG_ENABLE_OBJC_ARC = YES;
				CLANG_WARN_BLOCK_CAPTURE_AUTORELEASING = YES;
				CLANG_WARN_BOOL_CONVERSION = YES;
				CLANG_WARN_COMMA = YES;
				CLANG_WARN_CONSTANT_CONVERSION = YES;
				CLANG_WARN_DIRECT_OBJC_ISA_USAGE = YES_ERROR;
				CLANG_WARN_DOCUMENTATION_COMMENTS = YES;
				CLANG_WARN_EMPTY_BODY = YES;
				CLANG_WARN_ENUM_CONVERSION = YES;
				CLANG_WARN_INFINITE_RECURSION = YES;
				CLANG_WARN_INT_CONVERSION = YES;
				CLANG_WARN_NON_LITERAL_NULL_CONVERSION = YES;
				CLANG_WARN_OBJC_LITERAL_CONVERSION = YES;
				CLANG_WARN_OBJC_ROOT_CLASS = YES_ERROR;
				CLANG_WARN_RANGE_LOOP_ANALYSIS = YES;
				CLANG_WARN_STRICT_PROTOTYPES = YES;
				CLANG_WARN_SUSPICIOUS_MOVE = YES;
				CLANG_WARN_UNGUARDED_AVAILABILITY = YES_AGGRESSIVE;
				CLANG_WARN_UNREACHABLE_CODE = YES;
				CLANG_WARN__DUPLICATE_METHOD_MATCH = YES;
				CODE_SIGN_IDENTITY = "iPhone Developer";
				COPY_PHASE_STRIP = NO;
				DEBUG_INFORMATION_FORMAT = dwarf;
				ENABLE_STRICT_OBJC_MSGSEND = YES;
				ENABLE_TESTABILITY = YES;
				GCC_C_LANGUAGE_STANDARD = gnu11;
				GCC_DYNAMIC_NO_PIC = NO;
				GCC_NO_COMMON_BLOCKS = YES;
				GCC_OPTIMIZATION_LEVEL = 0;
				GCC_PREPROCESSOR_DEFINITIONS = (
					"DEBUG=1",
					"$(inherited)",
				);
				GCC_WARN_64_TO_32_BIT_CONVERSION = YES;
				GCC_WARN_ABOUT_RETURN_TYPE = YES_ERROR;
				GCC_WARN_UNDECLARED_SELECTOR = YES;
				GCC_WARN_UNINITIALIZED_AUTOS = YES_AGGRESSIVE;
				GCC_WARN_UNUSED_FUNCTION = YES;
				GCC_WARN_UNUSED_VARIABLE = YES;
				IPHONEOS_DEPLOYMENT_TARGET = 11.0;
				MTL_ENABLE_DEBUG_INFO = YES;
				ONLY_ACTIVE_ARCH = YES;
				SDKROOT = iphoneos;
				SWIFT_ACTIVE_COMPILATION_CONDITIONS = DEBUG;
				SWIFT_OPTIMIZATION_LEVEL = "-Onone";
			};
			name = Debug;
		};
		8B61DDA61F97F6FD00E791FA /* Release */ = {
			isa = XCBuildConfiguration;
			buildSettings = {
				ALWAYS_SEARCH_USER_PATHS = NO;
				CLANG_ANALYZER_NONNULL = YES;
				CLANG_ANALYZER_NUMBER_OBJECT_CONVERSION = YES_AGGRESSIVE;
				CLANG_CXX_LANGUAGE_STANDARD = "gnu++14";
				CLANG_CXX_LIBRARY = "libc++";
				CLANG_ENABLE_MODULES = YES;
				CLANG_ENABLE_OBJC_ARC = YES;
				CLANG_WARN_BLOCK_CAPTURE_AUTORELEASING = YES;
				CLANG_WARN_BOOL_CONVERSION = YES;
				CLANG_WARN_COMMA = YES;
				CLANG_WARN_CONSTANT_CONVERSION = YES;
				CLANG_WARN_DIRECT_OBJC_ISA_USAGE = YES_ERROR;
				CLANG_WARN_DOCUMENTATION_COMMENTS = YES;
				CLANG_WARN_EMPTY_BODY = YES;
				CLANG_WARN_ENUM_CONVERSION = YES;
				CLANG_WARN_INFINITE_RECURSION = YES;
				CLANG_WARN_INT_CONVERSION = YES;
				CLANG_WARN_NON_LITERAL_NULL_CONVERSION = YES;
				CLANG_WARN_OBJC_LITERAL_CONVERSION = YES;
				CLANG_WARN_OBJC_ROOT_CLASS = YES_ERROR;
				CLANG_WARN_RANGE_LOOP_ANALYSIS = YES;
				CLANG_WARN_STRICT_PROTOTYPES = YES;
				CLANG_WARN_SUSPICIOUS_MOVE = YES;
				CLANG_WARN_UNGUARDED_AVAILABILITY = YES_AGGRESSIVE;
				CLANG_WARN_UNREACHABLE_CODE = YES;
				CLANG_WARN__DUPLICATE_METHOD_MATCH = YES;
				CODE_SIGN_IDENTITY = "iPhone Developer";
				COPY_PHASE_STRIP = NO;
				DEBUG_INFORMATION_FORMAT = "dwarf-with-dsym";
				ENABLE_NS_ASSERTIONS = NO;
				ENABLE_STRICT_OBJC_MSGSEND = YES;
				GCC_C_LANGUAGE_STANDARD = gnu11;
				GCC_NO_COMMON_BLOCKS = YES;
				GCC_WARN_64_TO_32_BIT_CONVERSION = YES;
				GCC_WARN_ABOUT_RETURN_TYPE = YES_ERROR;
				GCC_WARN_UNDECLARED_SELECTOR = YES;
				GCC_WARN_UNINITIALIZED_AUTOS = YES_AGGRESSIVE;
				GCC_WARN_UNUSED_FUNCTION = YES;
				GCC_WARN_UNUSED_VARIABLE = YES;
				IPHONEOS_DEPLOYMENT_TARGET = 11.0;
				MTL_ENABLE_DEBUG_INFO = NO;
				SDKROOT = iphoneos;
				SWIFT_OPTIMIZATION_LEVEL = "-Owholemodule";
				VALIDATE_PRODUCT = YES;
			};
			name = Release;
		};
		8B61DDA81F97F6FD00E791FA /* Debug */ = {
			isa = XCBuildConfiguration;
			buildSettings = {
				ASSETCATALOG_COMPILER_APPICON_NAME = AppIcon;
				CODE_SIGN_STYLE = Automatic;
				DEVELOPMENT_TEAM = KQ85KX5DW2;
				INFOPLIST_FILE = DodgeIt/Info.plist;
				LD_RUNPATH_SEARCH_PATHS = "$(inherited) @executable_path/Frameworks";
				PRODUCT_BUNDLE_IDENTIFIER = com.esohjay.DodgeIt;
				PRODUCT_NAME = "$(TARGET_NAME)";
				SWIFT_VERSION = 4.0;
				TARGETED_DEVICE_FAMILY = "1,2";
			};
			name = Debug;
		};
		8B61DDA91F97F6FD00E791FA /* Release */ = {
			isa = XCBuildConfiguration;
			buildSettings = {
				ASSETCATALOG_COMPILER_APPICON_NAME = AppIcon;
				CODE_SIGN_STYLE = Automatic;
				DEVELOPMENT_TEAM = KQ85KX5DW2;
				INFOPLIST_FILE = DodgeIt/Info.plist;
				LD_RUNPATH_SEARCH_PATHS = "$(inherited) @executable_path/Frameworks";
				PRODUCT_BUNDLE_IDENTIFIER = com.esohjay.DodgeIt;
				PRODUCT_NAME = "$(TARGET_NAME)";
				SWIFT_VERSION = 4.0;
				TARGETED_DEVICE_FAMILY = "1,2";
			};
			name = Release;
		};
		8B61DDC41F9814BA00E791FA /* Debug */ = {
			isa = XCBuildConfiguration;
			buildSettings = {
				BUNDLE_LOADER = "$(TEST_HOST)";
				CODE_SIGN_STYLE = Automatic;
				DEVELOPMENT_TEAM = KQ85KX5DW2;
				INFOPLIST_FILE = DodgeItTests/Info.plist;
				LD_RUNPATH_SEARCH_PATHS = "$(inherited) @executable_path/Frameworks @loader_path/Frameworks";
				PRODUCT_BUNDLE_IDENTIFIER = com.esohjay.DodgeItTests;
				PRODUCT_NAME = "$(TARGET_NAME)";
				SWIFT_VERSION = 4.0;
				TARGETED_DEVICE_FAMILY = "1,2";
				TEST_HOST = "$(BUILT_PRODUCTS_DIR)/DodgeIt.app/DodgeIt";
			};
			name = Debug;
		};
		8B61DDC51F9814BA00E791FA /* Release */ = {
			isa = XCBuildConfiguration;
			buildSettings = {
				BUNDLE_LOADER = "$(TEST_HOST)";
				CODE_SIGN_STYLE = Automatic;
				DEVELOPMENT_TEAM = KQ85KX5DW2;
				INFOPLIST_FILE = DodgeItTests/Info.plist;
				LD_RUNPATH_SEARCH_PATHS = "$(inherited) @executable_path/Frameworks @loader_path/Frameworks";
				PRODUCT_BUNDLE_IDENTIFIER = com.esohjay.DodgeItTests;
				PRODUCT_NAME = "$(TARGET_NAME)";
				SWIFT_VERSION = 4.0;
				TARGETED_DEVICE_FAMILY = "1,2";
				TEST_HOST = "$(BUILT_PRODUCTS_DIR)/DodgeIt.app/DodgeIt";
			};
			name = Release;
		};
/* End XCBuildConfiguration section */

/* Begin XCConfigurationList section */
		8B61DD8D1F97F6FD00E791FA /* Build configuration list for PBXProject "DodgeIt" */ = {
			isa = XCConfigurationList;
			buildConfigurations = (
				8B61DDA51F97F6FD00E791FA /* Debug */,
				8B61DDA61F97F6FD00E791FA /* Release */,
			);
			defaultConfigurationIsVisible = 0;
			defaultConfigurationName = Release;
		};
		8B61DDA71F97F6FD00E791FA /* Build configuration list for PBXNativeTarget "DodgeIt" */ = {
			isa = XCConfigurationList;
			buildConfigurations = (
				8B61DDA81F97F6FD00E791FA /* Debug */,
				8B61DDA91F97F6FD00E791FA /* Release */,
			);
			defaultConfigurationIsVisible = 0;
			defaultConfigurationName = Release;
		};
		8B61DDC31F9814BA00E791FA /* Build configuration list for PBXNativeTarget "DodgeItTests" */ = {
			isa = XCConfigurationList;
			buildConfigurations = (
				8B61DDC41F9814BA00E791FA /* Debug */,
				8B61DDC51F9814BA00E791FA /* Release */,
			);
			defaultConfigurationIsVisible = 0;
			defaultConfigurationName = Release;
		};
/* End XCConfigurationList section */

/* Begin XCVersionGroup section */
		8B61DD9C1F97F6FD00E791FA /* DodgeIt.xcdatamodeld */ = {
			isa = XCVersionGroup;
			children = (
				8B61DD9D1F97F6FD00E791FA /* DodgeIt.xcdatamodel */,
			);
			currentVersion = 8B61DD9D1F97F6FD00E791FA /* DodgeIt.xcdatamodel */;
			path = DodgeIt.xcdatamodeld;
			sourceTree = "<group>";
			versionGroupType = wrapper.xcdatamodel;
		};
/* End XCVersionGroup section */
	};
	rootObject = 8B61DD8A1F97F6FD00E791FA /* Project object */;
}
